// !$*UTF8*$!
{
	archiveVersion = 1;
	classes = {
	};
	objectVersion = 50;
	objects = {

/* Begin PBXBuildFile section */
		AC5E513825C944A300578064 /* UITableView +.swift in Sources */ = {isa = PBXBuildFile; fileRef = AC5E513725C944A300578064 /* UITableView +.swift */; };
		AC5E513B25C945FB00578064 /* UITableViewCell +.swift in Sources */ = {isa = PBXBuildFile; fileRef = AC5E513A25C945FB00578064 /* UITableViewCell +.swift */; };
		AC5E513F25C946CD00578064 /* UserCell.swift in Sources */ = {isa = PBXBuildFile; fileRef = AC5E513E25C946CD00578064 /* UserCell.swift */; };
		AC96AA2C25C9B9F600A99243 /* PhotosViewController.swift in Sources */ = {isa = PBXBuildFile; fileRef = AC96AA2B25C9B9F600A99243 /* PhotosViewController.swift */; };
		AC96AA3025C9BF6B00A99243 /* UICollectionView +.swift in Sources */ = {isa = PBXBuildFile; fileRef = AC96AA2F25C9BF6B00A99243 /* UICollectionView +.swift */; };
		AC96AA3325C9BFEB00A99243 /* UICollectionViewCell +.swift in Sources */ = {isa = PBXBuildFile; fileRef = AC96AA3225C9BFEB00A99243 /* UICollectionViewCell +.swift */; };
		AC96AA3625CA140600A99243 /* PhotoCell.swift in Sources */ = {isa = PBXBuildFile; fileRef = AC96AA3525CA140600A99243 /* PhotoCell.swift */; };
		ACA688B825C93D3F003AF86C /* UIView +.swift in Sources */ = {isa = PBXBuildFile; fileRef = ACA688B725C93D3F003AF86C /* UIView +.swift */; };
		ACB8603725C9B237007BB94B /* NetworkManager.swift in Sources */ = {isa = PBXBuildFile; fileRef = ACB8603625C9B237007BB94B /* NetworkManager.swift */; };
		ACB8603B25C9B433007BB94B /* User.swift in Sources */ = {isa = PBXBuildFile; fileRef = ACB8603A25C9B433007BB94B /* User.swift */; };
		ACDFF13225CAFCFE00AF67A9 /* Album.swift in Sources */ = {isa = PBXBuildFile; fileRef = ACDFF13125CAFCFE00AF67A9 /* Album.swift */; };
		ACDFF13525CAFD4B00AF67A9 /* Photo.swift in Sources */ = {isa = PBXBuildFile; fileRef = ACDFF13425CAFD4B00AF67A9 /* Photo.swift */; };
		ACE9189A25C93849002B2BCB /* AppDelegate.swift in Sources */ = {isa = PBXBuildFile; fileRef = ACE9189925C93849002B2BCB /* AppDelegate.swift */; };
		ACE9189E25C93849002B2BCB /* UsersViewController.swift in Sources */ = {isa = PBXBuildFile; fileRef = ACE9189D25C93849002B2BCB /* UsersViewController.swift */; };
		ACE918A325C9384A002B2BCB /* Assets.xcassets in Resources */ = {isa = PBXBuildFile; fileRef = ACE918A225C9384A002B2BCB /* Assets.xcassets */; };
		ACE918A625C9384A002B2BCB /* LaunchScreen.storyboard in Resources */ = {isa = PBXBuildFile; fileRef = ACE918A425C9384A002B2BCB /* LaunchScreen.storyboard */; };
/* End PBXBuildFile section */

/* Begin PBXFileReference section */
		AC5E513725C944A300578064 /* UITableView +.swift */ = {isa = PBXFileReference; lastKnownFileType = sourcecode.swift; path = "UITableView +.swift"; sourceTree = "<group>"; };
		AC5E513A25C945FB00578064 /* UITableViewCell +.swift */ = {isa = PBXFileReference; lastKnownFileType = sourcecode.swift; path = "UITableViewCell +.swift"; sourceTree = "<group>"; };
		AC5E513E25C946CD00578064 /* UserCell.swift */ = {isa = PBXFileReference; lastKnownFileType = sourcecode.swift; path = UserCell.swift; sourceTree = "<group>"; };
		AC96AA2B25C9B9F600A99243 /* PhotosViewController.swift */ = {isa = PBXFileReference; lastKnownFileType = sourcecode.swift; path = PhotosViewController.swift; sourceTree = "<group>"; };
		AC96AA2F25C9BF6B00A99243 /* UICollectionView +.swift */ = {isa = PBXFileReference; lastKnownFileType = sourcecode.swift; path = "UICollectionView +.swift"; sourceTree = "<group>"; };
		AC96AA3225C9BFEB00A99243 /* UICollectionViewCell +.swift */ = {isa = PBXFileReference; lastKnownFileType = sourcecode.swift; path = "UICollectionViewCell +.swift"; sourceTree = "<group>"; };
		AC96AA3525CA140600A99243 /* PhotoCell.swift */ = {isa = PBXFileReference; lastKnownFileType = sourcecode.swift; path = PhotoCell.swift; sourceTree = "<group>"; };
		ACA688B725C93D3F003AF86C /* UIView +.swift */ = {isa = PBXFileReference; lastKnownFileType = sourcecode.swift; path = "UIView +.swift"; sourceTree = "<group>"; };
		ACB8603625C9B237007BB94B /* NetworkManager.swift */ = {isa = PBXFileReference; lastKnownFileType = sourcecode.swift; path = NetworkManager.swift; sourceTree = "<group>"; };
		ACB8603A25C9B433007BB94B /* User.swift */ = {isa = PBXFileReference; lastKnownFileType = sourcecode.swift; path = User.swift; sourceTree = "<group>"; };
		ACDFF13125CAFCFE00AF67A9 /* Album.swift */ = {isa = PBXFileReference; lastKnownFileType = sourcecode.swift; path = Album.swift; sourceTree = "<group>"; };
		ACDFF13425CAFD4B00AF67A9 /* Photo.swift */ = {isa = PBXFileReference; lastKnownFileType = sourcecode.swift; path = Photo.swift; sourceTree = "<group>"; };
		ACE9189625C93849002B2BCB /* PhotoAlbum_Test.app */ = {isa = PBXFileReference; explicitFileType = wrapper.application; includeInIndex = 0; path = PhotoAlbum_Test.app; sourceTree = BUILT_PRODUCTS_DIR; };
		ACE9189925C93849002B2BCB /* AppDelegate.swift */ = {isa = PBXFileReference; lastKnownFileType = sourcecode.swift; path = AppDelegate.swift; sourceTree = "<group>"; };
		ACE9189D25C93849002B2BCB /* UsersViewController.swift */ = {isa = PBXFileReference; lastKnownFileType = sourcecode.swift; path = UsersViewController.swift; sourceTree = "<group>"; };
		ACE918A225C9384A002B2BCB /* Assets.xcassets */ = {isa = PBXFileReference; lastKnownFileType = folder.assetcatalog; path = Assets.xcassets; sourceTree = "<group>"; };
		ACE918A525C9384A002B2BCB /* Base */ = {isa = PBXFileReference; lastKnownFileType = file.storyboard; name = Base; path = Base.lproj/LaunchScreen.storyboard; sourceTree = "<group>"; };
		ACE918A725C9384A002B2BCB /* Info.plist */ = {isa = PBXFileReference; lastKnownFileType = text.plist.xml; path = Info.plist; sourceTree = "<group>"; };
/* End PBXFileReference section */

/* Begin PBXFrameworksBuildPhase section */
		ACE9189325C93849002B2BCB /* Frameworks */ = {
			isa = PBXFrameworksBuildPhase;
			buildActionMask = 2147483647;
			files = (
			);
			runOnlyForDeploymentPostprocessing = 0;
		};
/* End PBXFrameworksBuildPhase section */

/* Begin PBXGroup section */
		AC5E513D25C946B000578064 /* UserCell */ = {
			isa = PBXGroup;
			children = (
				AC5E513E25C946CD00578064 /* UserCell.swift */,
			);
			path = UserCell;
			sourceTree = "<group>";
		};
		AC5E514125C94A9500578064 /* Storyboard */ = {
			isa = PBXGroup;
			children = (
				ACE918A425C9384A002B2BCB /* LaunchScreen.storyboard */,
			);
			path = Storyboard;
			sourceTree = "<group>";
		};
		AC96AA2925C9B9B200A99243 /* Photos screen */ = {
			isa = PBXGroup;
			children = (
				AC96AA2A25C9B9C800A99243 /* PhotoCell */,
				AC96AA2B25C9B9F600A99243 /* PhotosViewController.swift */,
			);
			path = "Photos screen";
			sourceTree = "<group>";
		};
		AC96AA2A25C9B9C800A99243 /* PhotoCell */ = {
			isa = PBXGroup;
			children = (
				AC96AA3525CA140600A99243 /* PhotoCell.swift */,
			);
			path = PhotoCell;
			sourceTree = "<group>";
		};
		ACA688B525C93CD9003AF86C /* Extensions */ = {
			isa = PBXGroup;
			children = (
				ACA688B625C93D32003AF86C /* UIKit */,
			);
			path = Extensions;
			sourceTree = "<group>";
		};
		ACA688B625C93D32003AF86C /* UIKit */ = {
			isa = PBXGroup;
			children = (
				ACA688B725C93D3F003AF86C /* UIView +.swift */,
				AC5E513725C944A300578064 /* UITableView +.swift */,
				AC5E513A25C945FB00578064 /* UITableViewCell +.swift */,
				AC96AA2F25C9BF6B00A99243 /* UICollectionView +.swift */,
				AC96AA3225C9BFEB00A99243 /* UICollectionViewCell +.swift */,
			);
			path = UIKit;
			sourceTree = "<group>";
		};
		ACB8603325C9B202007BB94B /* Service */ = {
			isa = PBXGroup;
			children = (
				ACB8603425C9B21C007BB94B /* Network */,
				ACB8603625C9B237007BB94B /* NetworkManager.swift */,
			);
			path = Service;
			sourceTree = "<group>";
		};
		ACB8603425C9B21C007BB94B /* Network */ = {
			isa = PBXGroup;
			children = (
				ACB8603525C9B222007BB94B /* Model */,
			);
			path = Network;
			sourceTree = "<group>";
		};
		ACB8603525C9B222007BB94B /* Model */ = {
			isa = PBXGroup;
			children = (
				ACB8603A25C9B433007BB94B /* User.swift */,
				ACDFF13125CAFCFE00AF67A9 /* Album.swift */,
				ACDFF13425CAFD4B00AF67A9 /* Photo.swift */,
			);
			path = Model;
			sourceTree = "<group>";
		};
		ACE9188D25C93849002B2BCB = {
			isa = PBXGroup;
			children = (
				ACE9189825C93849002B2BCB /* PhotoAlbum_Test */,
				ACE9189725C93849002B2BCB /* Products */,
			);
			sourceTree = "<group>";
		};
		ACE9189725C93849002B2BCB /* Products */ = {
			isa = PBXGroup;
			children = (
				ACE9189625C93849002B2BCB /* PhotoAlbum_Test.app */,
			);
			name = Products;
			sourceTree = "<group>";
		};
		ACE9189825C93849002B2BCB /* PhotoAlbum_Test */ = {
			isa = PBXGroup;
			children = (
				ACE9189925C93849002B2BCB /* AppDelegate.swift */,
				ACE918A225C9384A002B2BCB /* Assets.xcassets */,
				ACE918A725C9384A002B2BCB /* Info.plist */,
				ACA688B525C93CD9003AF86C /* Extensions */,
				ACB8603325C9B202007BB94B /* Service */,
				ACE918AF25C938CC002B2BCB /* Modules */,
				AC5E514125C94A9500578064 /* Storyboard */,
			);
			path = PhotoAlbum_Test;
			sourceTree = "<group>";
		};
		ACE918AF25C938CC002B2BCB /* Modules */ = {
			isa = PBXGroup;
			children = (
				ACE918B025C938D7002B2BCB /* Users screen */,
				AC96AA2925C9B9B200A99243 /* Photos screen */,
			);
			path = Modules;
			sourceTree = "<group>";
		};
		ACE918B025C938D7002B2BCB /* Users screen */ = {
			isa = PBXGroup;
			children = (
				AC5E513D25C946B000578064 /* UserCell */,
				ACE9189D25C93849002B2BCB /* UsersViewController.swift */,
			);
			path = "Users screen";
			sourceTree = "<group>";
		};
/* End PBXGroup section */

/* Begin PBXNativeTarget section */
		ACE9189525C93849002B2BCB /* PhotoAlbum_Test */ = {
			isa = PBXNativeTarget;
			buildConfigurationList = ACE918AA25C9384A002B2BCB /* Build configuration list for PBXNativeTarget "PhotoAlbum_Test" */;
			buildPhases = (
				ACE9189225C93849002B2BCB /* Sources */,
				ACE9189325C93849002B2BCB /* Frameworks */,
				ACE9189425C93849002B2BCB /* Resources */,
			);
			buildRules = (
			);
			dependencies = (
			);
			name = PhotoAlbum_Test;
			productName = PhotoAlbum_Test;
			productReference = ACE9189625C93849002B2BCB /* PhotoAlbum_Test.app */;
			productType = "com.apple.product-type.application";
		};
/* End PBXNativeTarget section */

/* Begin PBXProject section */
		ACE9188E25C93849002B2BCB /* Project object */ = {
			isa = PBXProject;
			attributes = {
				LastSwiftUpdateCheck = 1240;
				LastUpgradeCheck = 1240;
				TargetAttributes = {
					ACE9189525C93849002B2BCB = {
						CreatedOnToolsVersion = 12.4;
					};
				};
			};
			buildConfigurationList = ACE9189125C93849002B2BCB /* Build configuration list for PBXProject "PhotoAlbum_Test" */;
			compatibilityVersion = "Xcode 9.3";
			developmentRegion = en;
			hasScannedForEncodings = 0;
			knownRegions = (
				en,
				Base,
			);
			mainGroup = ACE9188D25C93849002B2BCB;
			productRefGroup = ACE9189725C93849002B2BCB /* Products */;
			projectDirPath = "";
			projectRoot = "";
			targets = (
				ACE9189525C93849002B2BCB /* PhotoAlbum_Test */,
			);
		};
/* End PBXProject section */

/* Begin PBXResourcesBuildPhase section */
		ACE9189425C93849002B2BCB /* Resources */ = {
			isa = PBXResourcesBuildPhase;
			buildActionMask = 2147483647;
			files = (
				ACE918A625C9384A002B2BCB /* LaunchScreen.storyboard in Resources */,
				ACE918A325C9384A002B2BCB /* Assets.xcassets in Resources */,
			);
			runOnlyForDeploymentPostprocessing = 0;
		};
/* End PBXResourcesBuildPhase section */

/* Begin PBXSourcesBuildPhase section */
		ACE9189225C93849002B2BCB /* Sources */ = {
			isa = PBXSourcesBuildPhase;
			buildActionMask = 2147483647;
			files = (
				ACDFF13525CAFD4B00AF67A9 /* Photo.swift in Sources */,
				ACDFF13225CAFCFE00AF67A9 /* Album.swift in Sources */,
				AC96AA2C25C9B9F600A99243 /* PhotosViewController.swift in Sources */,
				AC5E513B25C945FB00578064 /* UITableViewCell +.swift in Sources */,
				AC5E513825C944A300578064 /* UITableView +.swift in Sources */,
				ACE9189E25C93849002B2BCB /* UsersViewController.swift in Sources */,
				AC96AA3625CA140600A99243 /* PhotoCell.swift in Sources */,
				ACB8603725C9B237007BB94B /* NetworkManager.swift in Sources */,
				AC96AA3325C9BFEB00A99243 /* UICollectionViewCell +.swift in Sources */,
				ACB8603B25C9B433007BB94B /* User.swift in Sources */,
				ACA688B825C93D3F003AF86C /* UIView +.swift in Sources */,
				AC96AA3025C9BF6B00A99243 /* UICollectionView +.swift in Sources */,
				ACE9189A25C93849002B2BCB /* AppDelegate.swift in Sources */,
				AC5E513F25C946CD00578064 /* UserCell.swift in Sources */,
			);
			runOnlyForDeploymentPostprocessing = 0;
		};
/* End PBXSourcesBuildPhase section */

/* Begin PBXVariantGroup section */
		ACE918A425C9384A002B2BCB /* LaunchScreen.storyboard */ = {
			isa = PBXVariantGroup;
			children = (
				ACE918A525C9384A002B2BCB /* Base */,
			);
			name = LaunchScreen.storyboard;
			sourceTree = "<group>";
		};
/* End PBXVariantGroup section */

/* Begin XCBuildConfiguration section */
		ACE918A825C9384A002B2BCB /* Debug */ = {
			isa = XCBuildConfiguration;
			buildSettings = {
				ALWAYS_SEARCH_USER_PATHS = NO;
				CLANG_ANALYZER_NONNULL = YES;
				CLANG_ANALYZER_NUMBER_OBJECT_CONVERSION = YES_AGGRESSIVE;
				CLANG_CXX_LANGUAGE_STANDARD = "gnu++14";
				CLANG_CXX_LIBRARY = "libc++";
				CLANG_ENABLE_MODULES = YES;
				CLANG_ENABLE_OBJC_ARC = YES;
				CLANG_ENABLE_OBJC_WEAK = YES;
				CLANG_WARN_BLOCK_CAPTURE_AUTORELEASING = YES;
				CLANG_WARN_BOOL_CONVERSION = YES;
				CLANG_WARN_COMMA = YES;
				CLANG_WARN_CONSTANT_CONVERSION = YES;
				CLANG_WARN_DEPRECATED_OBJC_IMPLEMENTATIONS = YES;
				CLANG_WARN_DIRECT_OBJC_ISA_USAGE = YES_ERROR;
				CLANG_WARN_DOCUMENTATION_COMMENTS = YES;
				CLANG_WARN_EMPTY_BODY = YES;
				CLANG_WARN_ENUM_CONVERSION = YES;
				CLANG_WARN_INFINITE_RECURSION = YES;
				CLANG_WARN_INT_CONVERSION = YES;
				CLANG_WARN_NON_LITERAL_NULL_CONVERSION = YES;
				CLANG_WARN_OBJC_IMPLICIT_RETAIN_SELF = YES;
				CLANG_WARN_OBJC_LITERAL_CONVERSION = YES;
				CLANG_WARN_OBJC_ROOT_CLASS = YES_ERROR;
				CLANG_WARN_QUOTED_INCLUDE_IN_FRAMEWORK_HEADER = YES;
				CLANG_WARN_RANGE_LOOP_ANALYSIS = YES;
				CLANG_WARN_STRICT_PROTOTYPES = YES;
				CLANG_WARN_SUSPICIOUS_MOVE = YES;
				CLANG_WARN_UNGUARDED_AVAILABILITY = YES_AGGRESSIVE;
				CLANG_WARN_UNREACHABLE_CODE = YES;
				CLANG_WARN__DUPLICATE_METHOD_MATCH = YES;
				COPY_PHASE_STRIP = NO;
				DEBUG_INFORMATION_FORMAT = dwarf;
				ENABLE_STRICT_OBJC_MSGSEND = YES;
				ENABLE_TESTABILITY = YES;
				GCC_C_LANGUAGE_STANDARD = gnu11;
				GCC_DYNAMIC_NO_PIC = NO;
				GCC_NO_COMMON_BLOCKS = YES;
				GCC_OPTIMIZATION_LEVEL = 0;
				GCC_PREPROCESSOR_DEFINITIONS = (
					"DEBUG=1",
					"$(inherited)",
				);
				GCC_WARN_64_TO_32_BIT_CONVERSION = YES;
				GCC_WARN_ABOUT_RETURN_TYPE = YES_ERROR;
				GCC_WARN_UNDECLARED_SELECTOR = YES;
				GCC_WARN_UNINITIALIZED_AUTOS = YES_AGGRESSIVE;
				GCC_WARN_UNUSED_FUNCTION = YES;
				GCC_WARN_UNUSED_VARIABLE = YES;
				IPHONEOS_DEPLOYMENT_TARGET = 14.4;
				MTL_ENABLE_DEBUG_INFO = INCLUDE_SOURCE;
				MTL_FAST_MATH = YES;
				ONLY_ACTIVE_ARCH = YES;
				SDKROOT = iphoneos;
				SWIFT_ACTIVE_COMPILATION_CONDITIONS = DEBUG;
				SWIFT_OPTIMIZATION_LEVEL = "-Onone";
			};
			name = Debug;
		};
		ACE918A925C9384A002B2BCB /* Release */ = {
			isa = XCBuildConfiguration;
			buildSettings = {
				ALWAYS_SEARCH_USER_PATHS = NO;
				CLANG_ANALYZER_NONNULL = YES;
				CLANG_ANALYZER_NUMBER_OBJECT_CONVERSION = YES_AGGRESSIVE;
				CLANG_CXX_LANGUAGE_STANDARD = "gnu++14";
				CLANG_CXX_LIBRARY = "libc++";
				CLANG_ENABLE_MODULES = YES;
				CLANG_ENABLE_OBJC_ARC = YES;
				CLANG_ENABLE_OBJC_WEAK = YES;
				CLANG_WARN_BLOCK_CAPTURE_AUTORELEASING = YES;
				CLANG_WARN_BOOL_CONVERSION = YES;
				CLANG_WARN_COMMA = YES;
				CLANG_WARN_CONSTANT_CONVERSION = YES;
				CLANG_WARN_DEPRECATED_OBJC_IMPLEMENTATIONS = YES;
				CLANG_WARN_DIRECT_OBJC_ISA_USAGE = YES_ERROR;
				CLANG_WARN_DOCUMENTATION_COMMENTS = YES;
				CLANG_WARN_EMPTY_BODY = YES;
				CLANG_WARN_ENUM_CONVERSION = YES;
				CLANG_WARN_INFINITE_RECURSION = YES;
				CLANG_WARN_INT_CONVERSION = YES;
				CLANG_WARN_NON_LITERAL_NULL_CONVERSION = YES;
				CLANG_WARN_OBJC_IMPLICIT_RETAIN_SELF = YES;
				CLANG_WARN_OBJC_LITERAL_CONVERSION = YES;
				CLANG_WARN_OBJC_ROOT_CLASS = YES_ERROR;
				CLANG_WARN_QUOTED_INCLUDE_IN_FRAMEWORK_HEADER = YES;
				CLANG_WARN_RANGE_LOOP_ANALYSIS = YES;
				CLANG_WARN_STRICT_PROTOTYPES = YES;
				CLANG_WARN_SUSPICIOUS_MOVE = YES;
				CLANG_WARN_UNGUARDED_AVAILABILITY = YES_AGGRESSIVE;
				CLANG_WARN_UNREACHABLE_CODE = YES;
				CLANG_WARN__DUPLICATE_METHOD_MATCH = YES;
				COPY_PHASE_STRIP = NO;
				DEBUG_INFORMATION_FORMAT = "dwarf-with-dsym";
				ENABLE_NS_ASSERTIONS = NO;
				ENABLE_STRICT_OBJC_MSGSEND = YES;
				GCC_C_LANGUAGE_STANDARD = gnu11;
				GCC_NO_COMMON_BLOCKS = YES;
				GCC_WARN_64_TO_32_BIT_CONVERSION = YES;
				GCC_WARN_ABOUT_RETURN_TYPE = YES_ERROR;
				GCC_WARN_UNDECLARED_SELECTOR = YES;
				GCC_WARN_UNINITIALIZED_AUTOS = YES_AGGRESSIVE;
				GCC_WARN_UNUSED_FUNCTION = YES;
				GCC_WARN_UNUSED_VARIABLE = YES;
				IPHONEOS_DEPLOYMENT_TARGET = 14.4;
				MTL_ENABLE_DEBUG_INFO = NO;
				MTL_FAST_MATH = YES;
				SDKROOT = iphoneos;
				SWIFT_COMPILATION_MODE = wholemodule;
				SWIFT_OPTIMIZATION_LEVEL = "-O";
				VALIDATE_PRODUCT = YES;
			};
			name = Release;
		};
		ACE918AB25C9384A002B2BCB /* Debug */ = {
			isa = XCBuildConfiguration;
			buildSettings = {
				ASSETCATALOG_COMPILER_APPICON_NAME = AppIcon;
				ASSETCATALOG_COMPILER_GLOBAL_ACCENT_COLOR_NAME = AccentColor;
				CODE_SIGN_STYLE = Automatic;
				DEVELOPMENT_TEAM = 7B5A43VP4C;
				INFOPLIST_FILE = PhotoAlbum_Test/Info.plist;
				LD_RUNPATH_SEARCH_PATHS = (
					"$(inherited)",
					"@executable_path/Frameworks",
				);
				PRODUCT_BUNDLE_IDENTIFIER = "ArtemUstinov.PhotoAlbum-Test";
				PRODUCT_NAME = "$(TARGET_NAME)";
				SWIFT_VERSION = 5.0;
				TARGETED_DEVICE_FAMILY = 1;
			};
			name = Debug;
		};
		ACE918AC25C9384A002B2BCB /* Release */ = {
			isa = XCBuildConfiguration;
			buildSettings = {
				ASSETCATALOG_COMPILER_APPICON_NAME = AppIcon;
				ASSETCATALOG_COMPILER_GLOBAL_ACCENT_COLOR_NAME = AccentColor;
				CODE_SIGN_STYLE = Automatic;
				DEVELOPMENT_TEAM = 7B5A43VP4C;
				INFOPLIST_FILE = PhotoAlbum_Test/Info.plist;
				LD_RUNPATH_SEARCH_PATHS = (
					"$(inherited)",
					"@executable_path/Frameworks",
				);
				PRODUCT_BUNDLE_IDENTIFIER = "ArtemUstinov.PhotoAlbum-Test";
				PRODUCT_NAME = "$(TARGET_NAME)";
				SWIFT_VERSION = 5.0;
				TARGETED_DEVICE_FAMILY = 1;
			};
			name = Release;
		};
/* End XCBuildConfiguration section */

/* Begin XCConfigurationList section */
		ACE9189125C93849002B2BCB /* Build configuration list for PBXProject "PhotoAlbum_Test" */ = {
			isa = XCConfigurationList;
			buildConfigurations = (
				ACE918A825C9384A002B2BCB /* Debug */,
				ACE918A925C9384A002B2BCB /* Release */,
			);
			defaultConfigurationIsVisible = 0;
			defaultConfigurationName = Release;
		};
		ACE918AA25C9384A002B2BCB /* Build configuration list for PBXNativeTarget "PhotoAlbum_Test" */ = {
			isa = XCConfigurationList;
			buildConfigurations = (
				ACE918AB25C9384A002B2BCB /* Debug */,
				ACE918AC25C9384A002B2BCB /* Release */,
			);
			defaultConfigurationIsVisible = 0;
			defaultConfigurationName = Release;
		};
/* End XCConfigurationList section */
	};
	rootObject = ACE9188E25C93849002B2BCB /* Project object */;
}
